
Microsoft Visual Studio Solution File, Format Version 12.00
# Visual Studio Version 17
VisualStudioVersion = 17.5.33627.172
MinimumVisualStudioVersion = 10.0.40219.1
Project("{FAE04EC0-301F-11D3-BF4B-00C04F79EFBC}") = "MUSLIM FAITHFUL ACDEMY-PROJECT", "MUSLIM FAITHFUL ACDEMY-PROJECT\MUSLIM FAITHFUL ACDEMY-PROJECT.csproj", "{DA9892D5-9B33-4EE6-9542-A342F49434DA}"
EndProject
Global
	GlobalSection(SolutionConfigurationPlatforms) = preSolution
		Debug|Any CPU = Debug|Any CPU
		Release|Any CPU = Release|Any CPU
	EndGlobalSection
	GlobalSection(ProjectConfigurationPlatforms) = postSolution
		{DA9892D5-9B33-4EE6-9542-A342F49434DA}.Debug|Any CPU.ActiveCfg = Debug|Any CPU
		{DA9892D5-9B33-4EE6-9542-A342F49434DA}.Debug|Any CPU.Build.0 = Debug|Any CPU
		{DA9892D5-9B33-4EE6-9542-A342F49434DA}.Release|Any CPU.ActiveCfg = Release|Any CPU
		{DA9892D5-9B33-4EE6-9542-A342F49434DA}.Release|Any CPU.Build.0 = Release|Any CPU
	EndGlobalSection
	GlobalSection(SolutionProperties) = preSolution
		HideSolutionNode = FALSE
	EndGlobalSection
	GlobalSection(ExtensibilityGlobals) = postSolution
		SolutionGuid = {80D664C6-60EA-4828-87C4-581D793C22E7}
	EndGlobalSection
EndGlobal
